<Solution>
  <Configurations>
    <Platform Name="Any CPU" />
    <Platform Name="x64" />
    <Platform Name="x86" />
  </Configurations>
  <Project Path="src/Rapid.Core/Rapid.Core.csproj" />
  <Project Path="samples/Rapid.Examples/Rapid.Examples.csproj" />
  <Project Path="tests/Rapid.Tests/Rapid.Tests.csproj" />
</Solution>
